// !$*UTF8*$!
{
	archiveVersion = 1;
	classes = {
	};
	objectVersion = 77;
	objects = {

/* Begin PBXBuildFile section */
		CB97A8B82CEB0F7600A323CE /* ListStyle.swift in Sources */ = {isa = PBXBuildFile; fileRef = CB97A8B72CEB0F7600A323CE /* ListStyle.swift */; };
		CB97A8BA2CEB22B700A323CE /* AppInfo.swift in Sources */ = {isa = PBXBuildFile; fileRef = CB97A8B92CEB22B700A323CE /* AppInfo.swift */; };
		CBE7910D2CE72BC700DF1317 /* Preview Assets.xcassets in Resources */ = {isa = PBXBuildFile; fileRef = CBE791032CE72BC700DF1317 /* Preview Assets.xcassets */; };
		CBE7910E2CE72BC700DF1317 /* Assets.xcassets in Resources */ = {isa = PBXBuildFile; fileRef = CBE791092CE72BC700DF1317 /* Assets.xcassets */; };
		CBE791102CE72BC700DF1317 /* ContentView.swift in Sources */ = {isa = PBXBuildFile; fileRef = CBE790F12CE72BC700DF1317 /* ContentView.swift */; };
		CBE791112CE72BC700DF1317 /* DigiTiptopfApp.swift in Sources */ = {isa = PBXBuildFile; fileRef = CBE790F22CE72BC700DF1317 /* DigiTiptopfApp.swift */; };
		CBE791122CE72BC700DF1317 /* RecipeDetailView.swift in Sources */ = {isa = PBXBuildFile; fileRef = CBE790F42CE72BC700DF1317 /* RecipeDetailView.swift */; };
		CBE791132CE72BC700DF1317 /* RecipeListView.swift in Sources */ = {isa = PBXBuildFile; fileRef = CBE790F52CE72BC700DF1317 /* RecipeListView.swift */; };
		CBE791142CE72BC700DF1317 /* RecipeModifyView.swift in Sources */ = {isa = PBXBuildFile; fileRef = CBE790F62CE72BC700DF1317 /* RecipeModifyView.swift */; };
		CBE791152CE72BC700DF1317 /* SettingsView.swift in Sources */ = {isa = PBXBuildFile; fileRef = CBE790F82CE72BC700DF1317 /* SettingsView.swift */; };
		CBE791162CE72BC700DF1317 /* Ingredient.swift in Sources */ = {isa = PBXBuildFile; fileRef = CBE790FB2CE72BC700DF1317 /* Ingredient.swift */; };
		CBE791172CE72BC700DF1317 /* Recipe.swift in Sources */ = {isa = PBXBuildFile; fileRef = CBE790FC2CE72BC700DF1317 /* Recipe.swift */; };
		CBE791182CE72BC700DF1317 /* Step.swift in Sources */ = {isa = PBXBuildFile; fileRef = CBE790FD2CE72BC700DF1317 /* Step.swift */; };
		CBE791192CE72BC700DF1317 /* User.swift in Sources */ = {isa = PBXBuildFile; fileRef = CBE790FE2CE72BC700DF1317 /* User.swift */; };
		CBE7911A2CE72BC700DF1317 /* SampleRecipeData.swift in Sources */ = {isa = PBXBuildFile; fileRef = CBE791002CE72BC700DF1317 /* SampleRecipeData.swift */; };
		CBE7911B2CE72BC700DF1317 /* Camera.swift in Sources */ = {isa = PBXBuildFile; fileRef = CBE791052CE72BC700DF1317 /* Camera.swift */; };
		CBE7911C2CE72BC700DF1317 /* RecipeCard.swift in Sources */ = {isa = PBXBuildFile; fileRef = CBE791062CE72BC700DF1317 /* RecipeCard.swift */; };
		CBE7911F2CE7800200DF1317 /* RecipeJSONFile.swift in Sources */ = {isa = PBXBuildFile; fileRef = CBE7911E2CE7800200DF1317 /* RecipeJSONFile.swift */; };
		CBE791212CE897B300DF1317 /* CreatePDF.swift in Sources */ = {isa = PBXBuildFile; fileRef = CBE791202CE897B300DF1317 /* CreatePDF.swift */; };
		CBE791242CEA6DE300DF1317 /* RecipePDFView.swift in Sources */ = {isa = PBXBuildFile; fileRef = CBE791232CEA6DE300DF1317 /* RecipePDFView.swift */; };
/* End PBXBuildFile section */

/* Begin PBXContainerItemProxy section */
		CB5AD26B2CDE336400F7A6CE /* PBXContainerItemProxy */ = {
			isa = PBXContainerItemProxy;
			containerPortal = CB5AD2512CDE336300F7A6CE /* Project object */;
			proxyType = 1;
			remoteGlobalIDString = CB5AD2582CDE336300F7A6CE;
			remoteInfo = DigiTiptopf;
		};
		CB5AD2752CDE336400F7A6CE /* PBXContainerItemProxy */ = {
			isa = PBXContainerItemProxy;
			containerPortal = CB5AD2512CDE336300F7A6CE /* Project object */;
			proxyType = 1;
			remoteGlobalIDString = CB5AD2582CDE336300F7A6CE;
			remoteInfo = DigiTiptopf;
		};
/* End PBXContainerItemProxy section */

/* Begin PBXFileReference section */
		CB5AD2592CDE336300F7A6CE /* DigiTiptopf.app */ = {isa = PBXFileReference; explicitFileType = wrapper.application; includeInIndex = 0; path = DigiTiptopf.app; sourceTree = BUILT_PRODUCTS_DIR; };
		CB5AD26A2CDE336400F7A6CE /* DigiTiptopfTests.xctest */ = {isa = PBXFileReference; explicitFileType = wrapper.cfbundle; includeInIndex = 0; path = DigiTiptopfTests.xctest; sourceTree = BUILT_PRODUCTS_DIR; };
		CB5AD2742CDE336400F7A6CE /* DigiTiptopfUITests.xctest */ = {isa = PBXFileReference; explicitFileType = wrapper.cfbundle; includeInIndex = 0; path = DigiTiptopfUITests.xctest; sourceTree = BUILT_PRODUCTS_DIR; };
		CB97A8B72CEB0F7600A323CE /* ListStyle.swift */ = {isa = PBXFileReference; lastKnownFileType = sourcecode.swift; path = ListStyle.swift; sourceTree = "<group>"; };
		CB97A8B92CEB22B700A323CE /* AppInfo.swift */ = {isa = PBXFileReference; lastKnownFileType = sourcecode.swift; path = AppInfo.swift; sourceTree = "<group>"; };
		CBE790F12CE72BC700DF1317 /* ContentView.swift */ = {isa = PBXFileReference; lastKnownFileType = sourcecode.swift; path = ContentView.swift; sourceTree = "<group>"; };
		CBE790F22CE72BC700DF1317 /* DigiTiptopfApp.swift */ = {isa = PBXFileReference; lastKnownFileType = sourcecode.swift; path = DigiTiptopfApp.swift; sourceTree = "<group>"; };
		CBE790F42CE72BC700DF1317 /* RecipeDetailView.swift */ = {isa = PBXFileReference; lastKnownFileType = sourcecode.swift; path = RecipeDetailView.swift; sourceTree = "<group>"; };
		CBE790F52CE72BC700DF1317 /* RecipeListView.swift */ = {isa = PBXFileReference; lastKnownFileType = sourcecode.swift; path = RecipeListView.swift; sourceTree = "<group>"; };
		CBE790F62CE72BC700DF1317 /* RecipeModifyView.swift */ = {isa = PBXFileReference; lastKnownFileType = sourcecode.swift; path = RecipeModifyView.swift; sourceTree = "<group>"; };
		CBE790F82CE72BC700DF1317 /* SettingsView.swift */ = {isa = PBXFileReference; lastKnownFileType = sourcecode.swift; path = SettingsView.swift; sourceTree = "<group>"; };
		CBE790FB2CE72BC700DF1317 /* Ingredient.swift */ = {isa = PBXFileReference; lastKnownFileType = sourcecode.swift; path = Ingredient.swift; sourceTree = "<group>"; };
		CBE790FC2CE72BC700DF1317 /* Recipe.swift */ = {isa = PBXFileReference; lastKnownFileType = sourcecode.swift; path = Recipe.swift; sourceTree = "<group>"; };
		CBE790FD2CE72BC700DF1317 /* Step.swift */ = {isa = PBXFileReference; lastKnownFileType = sourcecode.swift; path = Step.swift; sourceTree = "<group>"; };
		CBE790FE2CE72BC700DF1317 /* User.swift */ = {isa = PBXFileReference; lastKnownFileType = sourcecode.swift; path = User.swift; sourceTree = "<group>"; };
		CBE791002CE72BC700DF1317 /* SampleRecipeData.swift */ = {isa = PBXFileReference; lastKnownFileType = sourcecode.swift; path = SampleRecipeData.swift; sourceTree = "<group>"; };
		CBE791032CE72BC700DF1317 /* Preview Assets.xcassets */ = {isa = PBXFileReference; lastKnownFileType = folder.assetcatalog; path = "Preview Assets.xcassets"; sourceTree = "<group>"; };
		CBE791052CE72BC700DF1317 /* Camera.swift */ = {isa = PBXFileReference; lastKnownFileType = sourcecode.swift; path = Camera.swift; sourceTree = "<group>"; };
		CBE791062CE72BC700DF1317 /* RecipeCard.swift */ = {isa = PBXFileReference; lastKnownFileType = sourcecode.swift; path = RecipeCard.swift; sourceTree = "<group>"; };
		CBE791092CE72BC700DF1317 /* Assets.xcassets */ = {isa = PBXFileReference; lastKnownFileType = folder.assetcatalog; path = Assets.xcassets; sourceTree = "<group>"; };
		CBE7910A2CE72BC700DF1317 /* DigiTiptopf.entitlements */ = {isa = PBXFileReference; lastKnownFileType = text.plist.entitlements; path = DigiTiptopf.entitlements; sourceTree = "<group>"; };
		CBE7910B2CE72BC700DF1317 /* Info.plist */ = {isa = PBXFileReference; lastKnownFileType = text.plist.xml; path = Info.plist; sourceTree = "<group>"; };
		CBE7911E2CE7800200DF1317 /* RecipeJSONFile.swift */ = {isa = PBXFileReference; lastKnownFileType = sourcecode.swift; path = RecipeJSONFile.swift; sourceTree = "<group>"; };
		CBE791202CE897B300DF1317 /* CreatePDF.swift */ = {isa = PBXFileReference; lastKnownFileType = sourcecode.swift; path = CreatePDF.swift; sourceTree = "<group>"; };
		CBE791232CEA6DE300DF1317 /* RecipePDFView.swift */ = {isa = PBXFileReference; lastKnownFileType = sourcecode.swift; path = RecipePDFView.swift; sourceTree = "<group>"; };
/* End PBXFileReference section */

/* Begin PBXFileSystemSynchronizedRootGroup section */
		CB5AD26D2CDE336400F7A6CE /* DigiTiptopfTests */ = {
			isa = PBXFileSystemSynchronizedRootGroup;
			path = DigiTiptopfTests;
			sourceTree = "<group>";
		};
		CB5AD2772CDE336400F7A6CE /* DigiTiptopfUITests */ = {
			isa = PBXFileSystemSynchronizedRootGroup;
			path = DigiTiptopfUITests;
			sourceTree = "<group>";
		};
/* End PBXFileSystemSynchronizedRootGroup section */

/* Begin PBXFrameworksBuildPhase section */
		CB5AD2562CDE336300F7A6CE /* Frameworks */ = {
			isa = PBXFrameworksBuildPhase;
			buildActionMask = 2147483647;
			files = (
			);
			runOnlyForDeploymentPostprocessing = 0;
		};
		CB5AD2672CDE336400F7A6CE /* Frameworks */ = {
			isa = PBXFrameworksBuildPhase;
			buildActionMask = 2147483647;
			files = (
			);
			runOnlyForDeploymentPostprocessing = 0;
		};
		CB5AD2712CDE336400F7A6CE /* Frameworks */ = {
			isa = PBXFrameworksBuildPhase;
			buildActionMask = 2147483647;
			files = (
			);
			runOnlyForDeploymentPostprocessing = 0;
		};
/* End PBXFrameworksBuildPhase section */

/* Begin PBXGroup section */
		CB5AD2502CDE336300F7A6CE = {
			isa = PBXGroup;
			children = (
				CBE7910C2CE72BC700DF1317 /* DigiTiptopf */,
				CB5AD26D2CDE336400F7A6CE /* DigiTiptopfTests */,
				CB5AD2772CDE336400F7A6CE /* DigiTiptopfUITests */,
				CB5AD25A2CDE336300F7A6CE /* Products */,
			);
			sourceTree = "<group>";
		};
		CB5AD25A2CDE336300F7A6CE /* Products */ = {
			isa = PBXGroup;
			children = (
				CB5AD2592CDE336300F7A6CE /* DigiTiptopf.app */,
				CB5AD26A2CDE336400F7A6CE /* DigiTiptopfTests.xctest */,
				CB5AD2742CDE336400F7A6CE /* DigiTiptopfUITests.xctest */,
			);
			name = Products;
			sourceTree = "<group>";
		};
		CB97A8B62CEB0F6A00A323CE /* Enumerations */ = {
			isa = PBXGroup;
			children = (
				CB97A8B72CEB0F7600A323CE /* ListStyle.swift */,
			);
			path = Enumerations;
			sourceTree = "<group>";
		};
		CBE790F32CE72BC700DF1317 /* Main */ = {
			isa = PBXGroup;
			children = (
				CBE790F12CE72BC700DF1317 /* ContentView.swift */,
				CBE790F22CE72BC700DF1317 /* DigiTiptopfApp.swift */,
			);
			path = Main;
			sourceTree = "<group>";
		};
		CBE790F72CE72BC700DF1317 /* Recipe */ = {
			isa = PBXGroup;
			children = (
				CBE790F42CE72BC700DF1317 /* RecipeDetailView.swift */,
				CBE790F52CE72BC700DF1317 /* RecipeListView.swift */,
				CBE790F62CE72BC700DF1317 /* RecipeModifyView.swift */,
			);
			path = Recipe;
			sourceTree = "<group>";
		};
		CBE790F92CE72BC700DF1317 /* Settings */ = {
			isa = PBXGroup;
			children = (
				CBE790F82CE72BC700DF1317 /* SettingsView.swift */,
			);
			path = Settings;
			sourceTree = "<group>";
		};
		CBE790FA2CE72BC700DF1317 /* App */ = {
			isa = PBXGroup;
			children = (
				CBE790F32CE72BC700DF1317 /* Main */,
				CBE790F72CE72BC700DF1317 /* Recipe */,
				CBE790F92CE72BC700DF1317 /* Settings */,
			);
			path = App;
			sourceTree = "<group>";
		};
		CBE790FF2CE72BC700DF1317 /* DataModels */ = {
			isa = PBXGroup;
			children = (
				CBE790FB2CE72BC700DF1317 /* Ingredient.swift */,
				CBE790FC2CE72BC700DF1317 /* Recipe.swift */,
				CBE790FD2CE72BC700DF1317 /* Step.swift */,
				CBE790FE2CE72BC700DF1317 /* User.swift */,
			);
			path = DataModels;
			sourceTree = "<group>";
		};
		CBE791012CE72BC700DF1317 /* SampleData */ = {
			isa = PBXGroup;
			children = (
				CBE791002CE72BC700DF1317 /* SampleRecipeData.swift */,
			);
			path = SampleData;
			sourceTree = "<group>";
		};
		CBE791022CE72BC700DF1317 /* Common */ = {
			isa = PBXGroup;
			children = (
				CBE7911D2CE77F9A00DF1317 /* Export */,
				CBE790FF2CE72BC700DF1317 /* DataModels */,
				CBE791012CE72BC700DF1317 /* SampleData */,
			);
			path = Common;
			sourceTree = "<group>";
		};
		CBE791042CE72BC700DF1317 /* Preview Content */ = {
			isa = PBXGroup;
			children = (
				CBE791032CE72BC700DF1317 /* Preview Assets.xcassets */,
			);
			path = "Preview Content";
			sourceTree = "<group>";
		};
		CBE791072CE72BC700DF1317 /* UIComponents */ = {
			isa = PBXGroup;
			children = (
				CBE791052CE72BC700DF1317 /* Camera.swift */,
				CBE791062CE72BC700DF1317 /* RecipeCard.swift */,
				CB97A8B92CEB22B700A323CE /* AppInfo.swift */,
			);
			path = UIComponents;
			sourceTree = "<group>";
		};
		CBE791082CE72BC700DF1317 /* Utils */ = {
			isa = PBXGroup;
			children = (
				CB97A8B62CEB0F6A00A323CE /* Enumerations */,
				CBE791072CE72BC700DF1317 /* UIComponents */,
			);
			path = Utils;
			sourceTree = "<group>";
		};
		CBE7910C2CE72BC700DF1317 /* DigiTiptopf */ = {
			isa = PBXGroup;
			children = (
				CBE790FA2CE72BC700DF1317 /* App */,
				CBE791022CE72BC700DF1317 /* Common */,
				CBE791042CE72BC700DF1317 /* Preview Content */,
				CBE791082CE72BC700DF1317 /* Utils */,
				CBE791092CE72BC700DF1317 /* Assets.xcassets */,
				CBE7910A2CE72BC700DF1317 /* DigiTiptopf.entitlements */,
				CBE7910B2CE72BC700DF1317 /* Info.plist */,
			);
			path = DigiTiptopf;
			sourceTree = "<group>";
		};
		CBE7911D2CE77F9A00DF1317 /* Export */ = {
			isa = PBXGroup;
			children = (
				CBE791222CEA6DAE00DF1317 /* RecipePDF */,
				CBE7911E2CE7800200DF1317 /* RecipeJSONFile.swift */,
			);
			path = Export;
			sourceTree = "<group>";
		};
		CBE791222CEA6DAE00DF1317 /* RecipePDF */ = {
			isa = PBXGroup;
			children = (
				CBE791202CE897B300DF1317 /* CreatePDF.swift */,
				CBE791232CEA6DE300DF1317 /* RecipePDFView.swift */,
			);
			path = RecipePDF;
			sourceTree = "<group>";
		};
/* End PBXGroup section */

/* Begin PBXNativeTarget section */
		CB5AD2582CDE336300F7A6CE /* DigiTiptopf */ = {
			isa = PBXNativeTarget;
			buildConfigurationList = CB5AD27E2CDE336400F7A6CE /* Build configuration list for PBXNativeTarget "DigiTiptopf" */;
			buildPhases = (
				CB5AD2552CDE336300F7A6CE /* Sources */,
				CB5AD2562CDE336300F7A6CE /* Frameworks */,
				CB5AD2572CDE336300F7A6CE /* Resources */,
			);
			buildRules = (
			);
			dependencies = (
			);
			name = DigiTiptopf;
			packageProductDependencies = (
			);
			productName = DigiTiptopf;
			productReference = CB5AD2592CDE336300F7A6CE /* DigiTiptopf.app */;
			productType = "com.apple.product-type.application";
		};
		CB5AD2692CDE336400F7A6CE /* DigiTiptopfTests */ = {
			isa = PBXNativeTarget;
			buildConfigurationList = CB5AD2812CDE336400F7A6CE /* Build configuration list for PBXNativeTarget "DigiTiptopfTests" */;
			buildPhases = (
				CB5AD2662CDE336400F7A6CE /* Sources */,
				CB5AD2672CDE336400F7A6CE /* Frameworks */,
				CB5AD2682CDE336400F7A6CE /* Resources */,
			);
			buildRules = (
			);
			dependencies = (
				CB5AD26C2CDE336400F7A6CE /* PBXTargetDependency */,
			);
			fileSystemSynchronizedGroups = (
				CB5AD26D2CDE336400F7A6CE /* DigiTiptopfTests */,
			);
			name = DigiTiptopfTests;
			packageProductDependencies = (
			);
			productName = DigiTiptopfTests;
			productReference = CB5AD26A2CDE336400F7A6CE /* DigiTiptopfTests.xctest */;
			productType = "com.apple.product-type.bundle.unit-test";
		};
		CB5AD2732CDE336400F7A6CE /* DigiTiptopfUITests */ = {
			isa = PBXNativeTarget;
			buildConfigurationList = CB5AD2842CDE336400F7A6CE /* Build configuration list for PBXNativeTarget "DigiTiptopfUITests" */;
			buildPhases = (
				CB5AD2702CDE336400F7A6CE /* Sources */,
				CB5AD2712CDE336400F7A6CE /* Frameworks */,
				CB5AD2722CDE336400F7A6CE /* Resources */,
			);
			buildRules = (
			);
			dependencies = (
				CB5AD2762CDE336400F7A6CE /* PBXTargetDependency */,
			);
			fileSystemSynchronizedGroups = (
				CB5AD2772CDE336400F7A6CE /* DigiTiptopfUITests */,
			);
			name = DigiTiptopfUITests;
			packageProductDependencies = (
			);
			productName = DigiTiptopfUITests;
			productReference = CB5AD2742CDE336400F7A6CE /* DigiTiptopfUITests.xctest */;
			productType = "com.apple.product-type.bundle.ui-testing";
		};
/* End PBXNativeTarget section */

/* Begin PBXProject section */
		CB5AD2512CDE336300F7A6CE /* Project object */ = {
			isa = PBXProject;
			attributes = {
				BuildIndependentTargetsInParallel = 1;
				LastSwiftUpdateCheck = 1610;
				LastUpgradeCheck = 1610;
				TargetAttributes = {
					CB5AD2582CDE336300F7A6CE = {
						CreatedOnToolsVersion = 16.1;
					};
					CB5AD2692CDE336400F7A6CE = {
						CreatedOnToolsVersion = 16.1;
						TestTargetID = CB5AD2582CDE336300F7A6CE;
					};
					CB5AD2732CDE336400F7A6CE = {
						CreatedOnToolsVersion = 16.1;
						TestTargetID = CB5AD2582CDE336300F7A6CE;
					};
				};
			};
			buildConfigurationList = CB5AD2542CDE336300F7A6CE /* Build configuration list for PBXProject "DigiTiptopf" */;
			developmentRegion = en;
			hasScannedForEncodings = 0;
			knownRegions = (
				en,
				Base,
			);
			mainGroup = CB5AD2502CDE336300F7A6CE;
			minimizedProjectReferenceProxies = 1;
			preferredProjectObjectVersion = 77;
			productRefGroup = CB5AD25A2CDE336300F7A6CE /* Products */;
			projectDirPath = "";
			projectRoot = "";
			targets = (
				CB5AD2582CDE336300F7A6CE /* DigiTiptopf */,
				CB5AD2692CDE336400F7A6CE /* DigiTiptopfTests */,
				CB5AD2732CDE336400F7A6CE /* DigiTiptopfUITests */,
			);
		};
/* End PBXProject section */

/* Begin PBXResourcesBuildPhase section */
		CB5AD2572CDE336300F7A6CE /* Resources */ = {
			isa = PBXResourcesBuildPhase;
			buildActionMask = 2147483647;
			files = (
				CBE7910D2CE72BC700DF1317 /* Preview Assets.xcassets in Resources */,
				CBE7910E2CE72BC700DF1317 /* Assets.xcassets in Resources */,
			);
			runOnlyForDeploymentPostprocessing = 0;
		};
		CB5AD2682CDE336400F7A6CE /* Resources */ = {
			isa = PBXResourcesBuildPhase;
			buildActionMask = 2147483647;
			files = (
			);
			runOnlyForDeploymentPostprocessing = 0;
		};
		CB5AD2722CDE336400F7A6CE /* Resources */ = {
			isa = PBXResourcesBuildPhase;
			buildActionMask = 2147483647;
			files = (
			);
			runOnlyForDeploymentPostprocessing = 0;
		};
/* End PBXResourcesBuildPhase section */

/* Begin PBXSourcesBuildPhase section */
		CB5AD2552CDE336300F7A6CE /* Sources */ = {
			isa = PBXSourcesBuildPhase;
			buildActionMask = 2147483647;
			files = (
				CBE791102CE72BC700DF1317 /* ContentView.swift in Sources */,
				CBE791112CE72BC700DF1317 /* DigiTiptopfApp.swift in Sources */,
				CB97A8B82CEB0F7600A323CE /* ListStyle.swift in Sources */,
				CBE791122CE72BC700DF1317 /* RecipeDetailView.swift in Sources */,
				CBE7911F2CE7800200DF1317 /* RecipeJSONFile.swift in Sources */,
				CBE791132CE72BC700DF1317 /* RecipeListView.swift in Sources */,
				CBE791142CE72BC700DF1317 /* RecipeModifyView.swift in Sources */,
				CBE791152CE72BC700DF1317 /* SettingsView.swift in Sources */,
				CBE791162CE72BC700DF1317 /* Ingredient.swift in Sources */,
				CBE791172CE72BC700DF1317 /* Recipe.swift in Sources */,
				CBE791212CE897B300DF1317 /* CreatePDF.swift in Sources */,
				CBE791182CE72BC700DF1317 /* Step.swift in Sources */,
				CBE791242CEA6DE300DF1317 /* RecipePDFView.swift in Sources */,
				CBE791192CE72BC700DF1317 /* User.swift in Sources */,
				CBE7911A2CE72BC700DF1317 /* SampleRecipeData.swift in Sources */,
				CBE7911B2CE72BC700DF1317 /* Camera.swift in Sources */,
				CBE7911C2CE72BC700DF1317 /* RecipeCard.swift in Sources */,
				CB97A8BA2CEB22B700A323CE /* AppInfo.swift in Sources */,
			);
			runOnlyForDeploymentPostprocessing = 0;
		};
		CB5AD2662CDE336400F7A6CE /* Sources */ = {
			isa = PBXSourcesBuildPhase;
			buildActionMask = 2147483647;
			files = (
			);
			runOnlyForDeploymentPostprocessing = 0;
		};
		CB5AD2702CDE336400F7A6CE /* Sources */ = {
			isa = PBXSourcesBuildPhase;
			buildActionMask = 2147483647;
			files = (
			);
			runOnlyForDeploymentPostprocessing = 0;
		};
/* End PBXSourcesBuildPhase section */

/* Begin PBXTargetDependency section */
		CB5AD26C2CDE336400F7A6CE /* PBXTargetDependency */ = {
			isa = PBXTargetDependency;
			target = CB5AD2582CDE336300F7A6CE /* DigiTiptopf */;
			targetProxy = CB5AD26B2CDE336400F7A6CE /* PBXContainerItemProxy */;
		};
		CB5AD2762CDE336400F7A6CE /* PBXTargetDependency */ = {
			isa = PBXTargetDependency;
			target = CB5AD2582CDE336300F7A6CE /* DigiTiptopf */;
			targetProxy = CB5AD2752CDE336400F7A6CE /* PBXContainerItemProxy */;
		};
/* End PBXTargetDependency section */

/* Begin XCBuildConfiguration section */
		CB5AD27C2CDE336400F7A6CE /* Debug */ = {
			isa = XCBuildConfiguration;
			buildSettings = {
				ALWAYS_SEARCH_USER_PATHS = NO;
				ASSETCATALOG_COMPILER_GENERATE_SWIFT_ASSET_SYMBOL_EXTENSIONS = YES;
				CLANG_ANALYZER_NONNULL = YES;
				CLANG_ANALYZER_NUMBER_OBJECT_CONVERSION = YES_AGGRESSIVE;
				CLANG_CXX_LANGUAGE_STANDARD = "gnu++20";
				CLANG_ENABLE_MODULES = YES;
				CLANG_ENABLE_OBJC_ARC = YES;
				CLANG_ENABLE_OBJC_WEAK = YES;
				CLANG_WARN_BLOCK_CAPTURE_AUTORELEASING = YES;
				CLANG_WARN_BOOL_CONVERSION = YES;
				CLANG_WARN_COMMA = YES;
				CLANG_WARN_CONSTANT_CONVERSION = YES;
				CLANG_WARN_DEPRECATED_OBJC_IMPLEMENTATIONS = YES;
				CLANG_WARN_DIRECT_OBJC_ISA_USAGE = YES_ERROR;
				CLANG_WARN_DOCUMENTATION_COMMENTS = YES;
				CLANG_WARN_EMPTY_BODY = YES;
				CLANG_WARN_ENUM_CONVERSION = YES;
				CLANG_WARN_INFINITE_RECURSION = YES;
				CLANG_WARN_INT_CONVERSION = YES;
				CLANG_WARN_NON_LITERAL_NULL_CONVERSION = YES;
				CLANG_WARN_OBJC_IMPLICIT_RETAIN_SELF = YES;
				CLANG_WARN_OBJC_LITERAL_CONVERSION = YES;
				CLANG_WARN_OBJC_ROOT_CLASS = YES_ERROR;
				CLANG_WARN_QUOTED_INCLUDE_IN_FRAMEWORK_HEADER = YES;
				CLANG_WARN_RANGE_LOOP_ANALYSIS = YES;
				CLANG_WARN_STRICT_PROTOTYPES = YES;
				CLANG_WARN_SUSPICIOUS_MOVE = YES;
				CLANG_WARN_UNGUARDED_AVAILABILITY = YES_AGGRESSIVE;
				CLANG_WARN_UNREACHABLE_CODE = YES;
				CLANG_WARN__DUPLICATE_METHOD_MATCH = YES;
				COPY_PHASE_STRIP = NO;
				DEBUG_INFORMATION_FORMAT = dwarf;
				ENABLE_STRICT_OBJC_MSGSEND = YES;
				ENABLE_TESTABILITY = YES;
				ENABLE_USER_SCRIPT_SANDBOXING = YES;
				GCC_C_LANGUAGE_STANDARD = gnu17;
				GCC_DYNAMIC_NO_PIC = NO;
				GCC_NO_COMMON_BLOCKS = YES;
				GCC_OPTIMIZATION_LEVEL = 0;
				GCC_PREPROCESSOR_DEFINITIONS = (
					"DEBUG=1",
					"$(inherited)",
				);
				GCC_WARN_64_TO_32_BIT_CONVERSION = YES;
				GCC_WARN_ABOUT_RETURN_TYPE = YES_ERROR;
				GCC_WARN_UNDECLARED_SELECTOR = YES;
				GCC_WARN_UNINITIALIZED_AUTOS = YES_AGGRESSIVE;
				GCC_WARN_UNUSED_FUNCTION = YES;
				GCC_WARN_UNUSED_VARIABLE = YES;
				LOCALIZATION_PREFERS_STRING_CATALOGS = YES;
				MTL_ENABLE_DEBUG_INFO = INCLUDE_SOURCE;
				MTL_FAST_MATH = YES;
				ONLY_ACTIVE_ARCH = YES;
				SWIFT_ACTIVE_COMPILATION_CONDITIONS = "DEBUG $(inherited)";
				SWIFT_OPTIMIZATION_LEVEL = "-Onone";
			};
			name = Debug;
		};
		CB5AD27D2CDE336400F7A6CE /* Release */ = {
			isa = XCBuildConfiguration;
			buildSettings = {
				ALWAYS_SEARCH_USER_PATHS = NO;
				ASSETCATALOG_COMPILER_GENERATE_SWIFT_ASSET_SYMBOL_EXTENSIONS = YES;
				CLANG_ANALYZER_NONNULL = YES;
				CLANG_ANALYZER_NUMBER_OBJECT_CONVERSION = YES_AGGRESSIVE;
				CLANG_CXX_LANGUAGE_STANDARD = "gnu++20";
				CLANG_ENABLE_MODULES = YES;
				CLANG_ENABLE_OBJC_ARC = YES;
				CLANG_ENABLE_OBJC_WEAK = YES;
				CLANG_WARN_BLOCK_CAPTURE_AUTORELEASING = YES;
				CLANG_WARN_BOOL_CONVERSION = YES;
				CLANG_WARN_COMMA = YES;
				CLANG_WARN_CONSTANT_CONVERSION = YES;
				CLANG_WARN_DEPRECATED_OBJC_IMPLEMENTATIONS = YES;
				CLANG_WARN_DIRECT_OBJC_ISA_USAGE = YES_ERROR;
				CLANG_WARN_DOCUMENTATION_COMMENTS = YES;
				CLANG_WARN_EMPTY_BODY = YES;
				CLANG_WARN_ENUM_CONVERSION = YES;
				CLANG_WARN_INFINITE_RECURSION = YES;
				CLANG_WARN_INT_CONVERSION = YES;
				CLANG_WARN_NON_LITERAL_NULL_CONVERSION = YES;
				CLANG_WARN_OBJC_IMPLICIT_RETAIN_SELF = YES;
				CLANG_WARN_OBJC_LITERAL_CONVERSION = YES;
				CLANG_WARN_OBJC_ROOT_CLASS = YES_ERROR;
				CLANG_WARN_QUOTED_INCLUDE_IN_FRAMEWORK_HEADER = YES;
				CLANG_WARN_RANGE_LOOP_ANALYSIS = YES;
				CLANG_WARN_STRICT_PROTOTYPES = YES;
				CLANG_WARN_SUSPICIOUS_MOVE = YES;
				CLANG_WARN_UNGUARDED_AVAILABILITY = YES_AGGRESSIVE;
				CLANG_WARN_UNREACHABLE_CODE = YES;
				CLANG_WARN__DUPLICATE_METHOD_MATCH = YES;
				COPY_PHASE_STRIP = NO;
				DEBUG_INFORMATION_FORMAT = "dwarf-with-dsym";
				ENABLE_NS_ASSERTIONS = NO;
				ENABLE_STRICT_OBJC_MSGSEND = YES;
				ENABLE_USER_SCRIPT_SANDBOXING = YES;
				GCC_C_LANGUAGE_STANDARD = gnu17;
				GCC_NO_COMMON_BLOCKS = YES;
				GCC_WARN_64_TO_32_BIT_CONVERSION = YES;
				GCC_WARN_ABOUT_RETURN_TYPE = YES_ERROR;
				GCC_WARN_UNDECLARED_SELECTOR = YES;
				GCC_WARN_UNINITIALIZED_AUTOS = YES_AGGRESSIVE;
				GCC_WARN_UNUSED_FUNCTION = YES;
				GCC_WARN_UNUSED_VARIABLE = YES;
				LOCALIZATION_PREFERS_STRING_CATALOGS = YES;
				MTL_ENABLE_DEBUG_INFO = NO;
				MTL_FAST_MATH = YES;
				SWIFT_COMPILATION_MODE = wholemodule;
			};
			name = Release;
		};
		CB5AD27F2CDE336400F7A6CE /* Debug */ = {
			isa = XCBuildConfiguration;
			buildSettings = {
				ASSETCATALOG_COMPILER_APPICON_NAME = AppIcon;
				ASSETCATALOG_COMPILER_GLOBAL_ACCENT_COLOR_NAME = AccentColor;
				CODE_SIGN_ENTITLEMENTS = DigiTiptopf/DigiTiptopf.entitlements;
				CODE_SIGN_STYLE = Automatic;
				CURRENT_PROJECT_VERSION = 1;
				DEVELOPMENT_ASSET_PATHS = "\"DigiTiptopf/Preview Content\"";
				DEVELOPMENT_TEAM = 7SM6PL3XT8;
				ENABLE_HARDENED_RUNTIME = YES;
				ENABLE_PREVIEWS = YES;
				GENERATE_INFOPLIST_FILE = YES;
				INFOPLIST_FILE = DigiTiptopf/Info.plist;
				INFOPLIST_KEY_NSCameraUsageDescription = "$(PRODUCT_NAME) requires your camera to take a picture.";
				"INFOPLIST_KEY_UIApplicationSceneManifest_Generation[sdk=iphoneos*]" = YES;
				"INFOPLIST_KEY_UIApplicationSceneManifest_Generation[sdk=iphonesimulator*]" = YES;
				"INFOPLIST_KEY_UIApplicationSupportsIndirectInputEvents[sdk=iphoneos*]" = YES;
				"INFOPLIST_KEY_UIApplicationSupportsIndirectInputEvents[sdk=iphonesimulator*]" = YES;
				"INFOPLIST_KEY_UILaunchScreen_Generation[sdk=iphoneos*]" = YES;
				"INFOPLIST_KEY_UILaunchScreen_Generation[sdk=iphonesimulator*]" = YES;
				"INFOPLIST_KEY_UIStatusBarStyle[sdk=iphoneos*]" = UIStatusBarStyleDefault;
				"INFOPLIST_KEY_UIStatusBarStyle[sdk=iphonesimulator*]" = UIStatusBarStyleDefault;
				INFOPLIST_KEY_UISupportedInterfaceOrientations_iPad = "UIInterfaceOrientationPortrait UIInterfaceOrientationPortraitUpsideDown UIInterfaceOrientationLandscapeLeft UIInterfaceOrientationLandscapeRight";
				INFOPLIST_KEY_UISupportedInterfaceOrientations_iPhone = "UIInterfaceOrientationPortrait UIInterfaceOrientationLandscapeLeft UIInterfaceOrientationLandscapeRight";
				IPHONEOS_DEPLOYMENT_TARGET = 18.1;
				LD_RUNPATH_SEARCH_PATHS = "@executable_path/Frameworks";
				"LD_RUNPATH_SEARCH_PATHS[sdk=macosx*]" = "@executable_path/../Frameworks";
				MACOSX_DEPLOYMENT_TARGET = 15.1;
				MARKETING_VERSION = 1.0;
				PRODUCT_BUNDLE_IDENTIFIER = ch.romanindermuehle.DigiTiptopf;
				PRODUCT_NAME = "$(TARGET_NAME)";
				SDKROOT = auto;
				SUPPORTED_PLATFORMS = "iphoneos iphonesimulator macosx xros xrsimulator";
				SWIFT_EMIT_LOC_STRINGS = YES;
				SWIFT_VERSION = 6.0;
				TARGETED_DEVICE_FAMILY = "1,2,7";
				XROS_DEPLOYMENT_TARGET = 2.1;
			};
			name = Debug;
		};
		CB5AD2802CDE336400F7A6CE /* Release */ = {
			isa = XCBuildConfiguration;
			buildSettings = {
				ASSETCATALOG_COMPILER_APPICON_NAME = AppIcon;
				ASSETCATALOG_COMPILER_GLOBAL_ACCENT_COLOR_NAME = AccentColor;
				CODE_SIGN_ENTITLEMENTS = DigiTiptopf/DigiTiptopf.entitlements;
				CODE_SIGN_STYLE = Automatic;
				CURRENT_PROJECT_VERSION = 1;
				DEVELOPMENT_ASSET_PATHS = "\"DigiTiptopf/Preview Content\"";
				DEVELOPMENT_TEAM = 7SM6PL3XT8;
				ENABLE_HARDENED_RUNTIME = YES;
				ENABLE_PREVIEWS = YES;
				GENERATE_INFOPLIST_FILE = YES;
				INFOPLIST_FILE = DigiTiptopf/Info.plist;
				INFOPLIST_KEY_NSCameraUsageDescription = "$(PRODUCT_NAME) requires your camera to take a picture.";
				"INFOPLIST_KEY_UIApplicationSceneManifest_Generation[sdk=iphoneos*]" = YES;
				"INFOPLIST_KEY_UIApplicationSceneManifest_Generation[sdk=iphonesimulator*]" = YES;
				"INFOPLIST_KEY_UIApplicationSupportsIndirectInputEvents[sdk=iphoneos*]" = YES;
				"INFOPLIST_KEY_UIApplicationSupportsIndirectInputEvents[sdk=iphonesimulator*]" = YES;
				"INFOPLIST_KEY_UILaunchScreen_Generation[sdk=iphoneos*]" = YES;
				"INFOPLIST_KEY_UILaunchScreen_Generation[sdk=iphonesimulator*]" = YES;
				"INFOPLIST_KEY_UIStatusBarStyle[sdk=iphoneos*]" = UIStatusBarStyleDefault;
				"INFOPLIST_KEY_UIStatusBarStyle[sdk=iphonesimulator*]" = UIStatusBarStyleDefault;
				INFOPLIST_KEY_UISupportedInterfaceOrientations_iPad = "UIInterfaceOrientationPortrait UIInterfaceOrientationPortraitUpsideDown UIInterfaceOrientationLandscapeLeft UIInterfaceOrientationLandscapeRight";
				INFOPLIST_KEY_UISupportedInterfaceOrientations_iPhone = "UIInterfaceOrientationPortrait UIInterfaceOrientationLandscapeLeft UIInterfaceOrientationLandscapeRight";
				IPHONEOS_DEPLOYMENT_TARGET = 18.1;
				LD_RUNPATH_SEARCH_PATHS = "@executable_path/Frameworks";
				"LD_RUNPATH_SEARCH_PATHS[sdk=macosx*]" = "@executable_path/../Frameworks";
				MACOSX_DEPLOYMENT_TARGET = 15.1;
				MARKETING_VERSION = 1.0;
				PRODUCT_BUNDLE_IDENTIFIER = ch.romanindermuehle.DigiTiptopf;
				PRODUCT_NAME = "$(TARGET_NAME)";
				SDKROOT = auto;
				SUPPORTED_PLATFORMS = "iphoneos iphonesimulator macosx xros xrsimulator";
				SWIFT_EMIT_LOC_STRINGS = YES;
				SWIFT_VERSION = 6.0;
				TARGETED_DEVICE_FAMILY = "1,2,7";
				XROS_DEPLOYMENT_TARGET = 2.1;
			};
			name = Release;
		};
		CB5AD2822CDE336400F7A6CE /* Debug */ = {
			isa = XCBuildConfiguration;
			buildSettings = {
				BUNDLE_LOADER = "$(TEST_HOST)";
				CODE_SIGN_STYLE = Automatic;
				CURRENT_PROJECT_VERSION = 1;
				DEVELOPMENT_TEAM = 7SM6PL3XT8;
				GENERATE_INFOPLIST_FILE = YES;
				IPHONEOS_DEPLOYMENT_TARGET = 18.1;
				MACOSX_DEPLOYMENT_TARGET = 15.1;
				MARKETING_VERSION = 1.0;
				PRODUCT_BUNDLE_IDENTIFIER = ch.romanindermuehle.DigiTiptopfTests;
				PRODUCT_NAME = "$(TARGET_NAME)";
				SDKROOT = auto;
				SUPPORTED_PLATFORMS = "iphoneos iphonesimulator macosx xros xrsimulator";
				SWIFT_EMIT_LOC_STRINGS = NO;
				SWIFT_VERSION = 6.0;
				TARGETED_DEVICE_FAMILY = "1,2,7";
				TEST_HOST = "$(BUILT_PRODUCTS_DIR)/DigiTiptopf.app/$(BUNDLE_EXECUTABLE_FOLDER_PATH)/DigiTiptopf";
				XROS_DEPLOYMENT_TARGET = 2.1;
			};
			name = Debug;
		};
		CB5AD2832CDE336400F7A6CE /* Release */ = {
			isa = XCBuildConfiguration;
			buildSettings = {
				BUNDLE_LOADER = "$(TEST_HOST)";
				CODE_SIGN_STYLE = Automatic;
				CURRENT_PROJECT_VERSION = 1;
				DEVELOPMENT_TEAM = 7SM6PL3XT8;
				GENERATE_INFOPLIST_FILE = YES;
				IPHONEOS_DEPLOYMENT_TARGET = 18.1;
				MACOSX_DEPLOYMENT_TARGET = 15.1;
				MARKETING_VERSION = 1.0;
				PRODUCT_BUNDLE_IDENTIFIER = ch.romanindermuehle.DigiTiptopfTests;
				PRODUCT_NAME = "$(TARGET_NAME)";
				SDKROOT = auto;
				SUPPORTED_PLATFORMS = "iphoneos iphonesimulator macosx xros xrsimulator";
				SWIFT_EMIT_LOC_STRINGS = NO;
				SWIFT_VERSION = 6.0;
				TARGETED_DEVICE_FAMILY = "1,2,7";
				TEST_HOST = "$(BUILT_PRODUCTS_DIR)/DigiTiptopf.app/$(BUNDLE_EXECUTABLE_FOLDER_PATH)/DigiTiptopf";
				XROS_DEPLOYMENT_TARGET = 2.1;
			};
			name = Release;
		};
		CB5AD2852CDE336400F7A6CE /* Debug */ = {
			isa = XCBuildConfiguration;
			buildSettings = {
				CODE_SIGN_STYLE = Automatic;
				CURRENT_PROJECT_VERSION = 1;
				DEVELOPMENT_TEAM = 7SM6PL3XT8;
				GENERATE_INFOPLIST_FILE = YES;
				IPHONEOS_DEPLOYMENT_TARGET = 18.1;
				MACOSX_DEPLOYMENT_TARGET = 15.1;
				MARKETING_VERSION = 1.0;
				PRODUCT_BUNDLE_IDENTIFIER = ch.romanindermuehle.DigiTiptopfUITests;
				PRODUCT_NAME = "$(TARGET_NAME)";
				SDKROOT = auto;
				SUPPORTED_PLATFORMS = "iphoneos iphonesimulator macosx xros xrsimulator";
				SWIFT_EMIT_LOC_STRINGS = NO;
				SWIFT_VERSION = 6.0;
				TARGETED_DEVICE_FAMILY = "1,2,7";
				TEST_TARGET_NAME = DigiTiptopf;
				XROS_DEPLOYMENT_TARGET = 2.1;
			};
			name = Debug;
		};
		CB5AD2862CDE336400F7A6CE /* Release */ = {
			isa = XCBuildConfiguration;
			buildSettings = {
				CODE_SIGN_STYLE = Automatic;
				CURRENT_PROJECT_VERSION = 1;
				DEVELOPMENT_TEAM = 7SM6PL3XT8;
				GENERATE_INFOPLIST_FILE = YES;
				IPHONEOS_DEPLOYMENT_TARGET = 18.1;
				MACOSX_DEPLOYMENT_TARGET = 15.1;
				MARKETING_VERSION = 1.0;
				PRODUCT_BUNDLE_IDENTIFIER = ch.romanindermuehle.DigiTiptopfUITests;
				PRODUCT_NAME = "$(TARGET_NAME)";
				SDKROOT = auto;
				SUPPORTED_PLATFORMS = "iphoneos iphonesimulator macosx xros xrsimulator";
				SWIFT_EMIT_LOC_STRINGS = NO;
				SWIFT_VERSION = 6.0;
				TARGETED_DEVICE_FAMILY = "1,2,7";
				TEST_TARGET_NAME = DigiTiptopf;
				XROS_DEPLOYMENT_TARGET = 2.1;
			};
			name = Release;
		};
/* End XCBuildConfiguration section */

/* Begin XCConfigurationList section */
		CB5AD2542CDE336300F7A6CE /* Build configuration list for PBXProject "DigiTiptopf" */ = {
			isa = XCConfigurationList;
			buildConfigurations = (
				CB5AD27C2CDE336400F7A6CE /* Debug */,
				CB5AD27D2CDE336400F7A6CE /* Release */,
			);
			defaultConfigurationIsVisible = 0;
			defaultConfigurationName = Release;
		};
		CB5AD27E2CDE336400F7A6CE /* Build configuration list for PBXNativeTarget "DigiTiptopf" */ = {
			isa = XCConfigurationList;
			buildConfigurations = (
				CB5AD27F2CDE336400F7A6CE /* Debug */,
				CB5AD2802CDE336400F7A6CE /* Release */,
			);
			defaultConfigurationIsVisible = 0;
			defaultConfigurationName = Release;
		};
		CB5AD2812CDE336400F7A6CE /* Build configuration list for PBXNativeTarget "DigiTiptopfTests" */ = {
			isa = XCConfigurationList;
			buildConfigurations = (
				CB5AD2822CDE336400F7A6CE /* Debug */,
				CB5AD2832CDE336400F7A6CE /* Release */,
			);
			defaultConfigurationIsVisible = 0;
			defaultConfigurationName = Release;
		};
		CB5AD2842CDE336400F7A6CE /* Build configuration list for PBXNativeTarget "DigiTiptopfUITests" */ = {
			isa = XCConfigurationList;
			buildConfigurations = (
				CB5AD2852CDE336400F7A6CE /* Debug */,
				CB5AD2862CDE336400F7A6CE /* Release */,
			);
			defaultConfigurationIsVisible = 0;
			defaultConfigurationName = Release;
		};
/* End XCConfigurationList section */
	};
	rootObject = CB5AD2512CDE336300F7A6CE /* Project object */;
}
